
Microsoft Visual Studio Solution File, Format Version 12.00
# Visual Studio 2013
VisualStudioVersion = 12.0.31101.0
MinimumVisualStudioVersion = 10.0.40219.1
Project("{FAE04EC0-301F-11D3-BF4B-00C04F79EFBC}") = "XYS", "XYS\XYS.csproj", "{F43981AC-83E5-4AE8-A9EE-93DB0A9A35B9}"
EndProject
Project("{FAE04EC0-301F-11D3-BF4B-00C04F79EFBC}") = "XYS.Lis", "XYS.Lis\XYS.Lis.csproj", "{4F0C8535-B1E0-46B0-800A-97DF8AC6065E}"
EndProject
Project("{FAE04EC0-301F-11D3-BF4B-00C04F79EFBC}") = "XYS.His", "XYS.His\XYS.His.csproj", "{52A1A7A3-41D9-40BB-A581-202637507B5A}"
EndProject
Project("{FAE04EC0-301F-11D3-BF4B-00C04F79EFBC}") = "ZhTest", "ZhTest\ZhTest.csproj", "{66F2AAB8-2193-47CF-BC70-6CDFC4434364}"
EndProject
Project("{FAE04EC0-301F-11D3-BF4B-00C04F79EFBC}") = "XYS.Lis.Service", "XYS.Lis.Service\XYS.Lis.Service.csproj", "{17E5907F-16CC-4D6A-B75A-5F32CD19A11F}"
EndProject
Global
	GlobalSection(SolutionConfigurationPlatforms) = preSolution
		Debug|Any CPU = Debug|Any CPU
		Release|Any CPU = Release|Any CPU
	EndGlobalSection
	GlobalSection(ProjectConfigurationPlatforms) = postSolution
		{F43981AC-83E5-4AE8-A9EE-93DB0A9A35B9}.Debug|Any CPU.ActiveCfg = Debug|Any CPU
		{F43981AC-83E5-4AE8-A9EE-93DB0A9A35B9}.Debug|Any CPU.Build.0 = Debug|Any CPU
		{F43981AC-83E5-4AE8-A9EE-93DB0A9A35B9}.Release|Any CPU.ActiveCfg = Release|Any CPU
		{F43981AC-83E5-4AE8-A9EE-93DB0A9A35B9}.Release|Any CPU.Build.0 = Release|Any CPU
		{4F0C8535-B1E0-46B0-800A-97DF8AC6065E}.Debug|Any CPU.ActiveCfg = Debug|Any CPU
		{4F0C8535-B1E0-46B0-800A-97DF8AC6065E}.Debug|Any CPU.Build.0 = Debug|Any CPU
		{4F0C8535-B1E0-46B0-800A-97DF8AC6065E}.Release|Any CPU.ActiveCfg = Release|Any CPU
		{4F0C8535-B1E0-46B0-800A-97DF8AC6065E}.Release|Any CPU.Build.0 = Release|Any CPU
		{52A1A7A3-41D9-40BB-A581-202637507B5A}.Debug|Any CPU.ActiveCfg = Debug|Any CPU
		{52A1A7A3-41D9-40BB-A581-202637507B5A}.Debug|Any CPU.Build.0 = Debug|Any CPU
		{52A1A7A3-41D9-40BB-A581-202637507B5A}.Release|Any CPU.ActiveCfg = Release|Any CPU
		{52A1A7A3-41D9-40BB-A581-202637507B5A}.Release|Any CPU.Build.0 = Release|Any CPU
		{66F2AAB8-2193-47CF-BC70-6CDFC4434364}.Debug|Any CPU.ActiveCfg = Debug|Any CPU
		{66F2AAB8-2193-47CF-BC70-6CDFC4434364}.Debug|Any CPU.Build.0 = Debug|Any CPU
		{66F2AAB8-2193-47CF-BC70-6CDFC4434364}.Release|Any CPU.ActiveCfg = Release|Any CPU
		{66F2AAB8-2193-47CF-BC70-6CDFC4434364}.Release|Any CPU.Build.0 = Release|Any CPU
		{17E5907F-16CC-4D6A-B75A-5F32CD19A11F}.Debug|Any CPU.ActiveCfg = Debug|Any CPU
		{17E5907F-16CC-4D6A-B75A-5F32CD19A11F}.Debug|Any CPU.Build.0 = Debug|Any CPU
		{17E5907F-16CC-4D6A-B75A-5F32CD19A11F}.Release|Any CPU.ActiveCfg = Release|Any CPU
		{17E5907F-16CC-4D6A-B75A-5F32CD19A11F}.Release|Any CPU.Build.0 = Release|Any CPU
	EndGlobalSection
	GlobalSection(SolutionProperties) = preSolution
		HideSolutionNode = FALSE
	EndGlobalSection
EndGlobal
