
Microsoft Visual Studio Solution File, Format Version 12.00
# Visual Studio 2013
VisualStudioVersion = 12.0.40629.0
MinimumVisualStudioVersion = 10.0.40219.1
Project("{FAE04EC0-301F-11D3-BF4B-00C04F79EFBC}") = "XYS", "XYS\XYS.csproj", "{F43981AC-83E5-4AE8-A9EE-93DB0A9A35B9}"
EndProject
Project("{FAE04EC0-301F-11D3-BF4B-00C04F79EFBC}") = "XYS.His", "XYS.His\XYS.His.csproj", "{52A1A7A3-41D9-40BB-A581-202637507B5A}"
EndProject
Project("{FAE04EC0-301F-11D3-BF4B-00C04F79EFBC}") = "ZhTest", "ZhTest\ZhTest.csproj", "{0DC983E9-832E-4EF6-80C2-5C15F5C076B3}"
EndProject
Project("{FAE04EC0-301F-11D3-BF4B-00C04F79EFBC}") = "XYS.Report.WS", "XYS.Report.WS\XYS.Report.WS.csproj", "{AB1D2774-0AED-4EC8-BACD-6EE4F3091FC1}"
EndProject
Project("{FAE04EC0-301F-11D3-BF4B-00C04F79EFBC}") = "XYS.Report.WebAPI", "XYS.Report.WebAPI\XYS.Report.WebAPI.csproj", "{FEB7BC4B-D378-4053-8F7B-34D4F9EDAC0A}"
EndProject
Project("{FAE04EC0-301F-11D3-BF4B-00C04F79EFBC}") = "XYS.Report.Lis", "XYS.Report.Lis\XYS.Report.Lis.csproj", "{64D4E4D7-7C5C-4F4A-888F-E440B07315E0}"
EndProject
Project("{FAE04EC0-301F-11D3-BF4B-00C04F79EFBC}") = "XYS.FR.Lis", "XYS.FR.Lis\XYS.FR.Lis.csproj", "{5B310A8F-BE88-4C90-8A2A-4C78032A1116}"
EndProject
Project("{FAE04EC0-301F-11D3-BF4B-00C04F79EFBC}") = "XYS.His.WebAPI", "XYS.His.WebAPI\XYS.His.WebAPI.csproj", "{B65087A0-9920-497C-9B98-66ABC44C7374}"
EndProject
Project("{FAE04EC0-301F-11D3-BF4B-00C04F79EFBC}") = "XYS.Lis.MongoService", "XYS.Lis.MongoService\XYS.Lis.MongoService.csproj", "{F57574BA-4347-4FB6-AC05-9F19F73F9183}"
EndProject
Project("{FAE04EC0-301F-11D3-BF4B-00C04F79EFBC}") = "XYS.Lis.FRService", "XYS.Lis.FRService\XYS.Lis.FRService.csproj", "{43ED113F-9481-44C2-A7B1-D002D4296DB2}"
EndProject
Project("{FAE04EC0-301F-11D3-BF4B-00C04F79EFBC}") = "XYS.Lis", "XYS.Lis\XYS.Lis.csproj", "{CFBFBC88-5B71-4923-8921-95C07B28A31C}"
EndProject
Global
	GlobalSection(SolutionConfigurationPlatforms) = preSolution
		Debug|Any CPU = Debug|Any CPU
		Release|Any CPU = Release|Any CPU
	EndGlobalSection
	GlobalSection(ProjectConfigurationPlatforms) = postSolution
		{F43981AC-83E5-4AE8-A9EE-93DB0A9A35B9}.Debug|Any CPU.ActiveCfg = Debug|Any CPU
		{F43981AC-83E5-4AE8-A9EE-93DB0A9A35B9}.Debug|Any CPU.Build.0 = Debug|Any CPU
		{F43981AC-83E5-4AE8-A9EE-93DB0A9A35B9}.Release|Any CPU.ActiveCfg = Release|Any CPU
		{F43981AC-83E5-4AE8-A9EE-93DB0A9A35B9}.Release|Any CPU.Build.0 = Release|Any CPU
		{52A1A7A3-41D9-40BB-A581-202637507B5A}.Debug|Any CPU.ActiveCfg = Debug|Any CPU
		{52A1A7A3-41D9-40BB-A581-202637507B5A}.Debug|Any CPU.Build.0 = Debug|Any CPU
		{52A1A7A3-41D9-40BB-A581-202637507B5A}.Release|Any CPU.ActiveCfg = Release|Any CPU
		{52A1A7A3-41D9-40BB-A581-202637507B5A}.Release|Any CPU.Build.0 = Release|Any CPU
		{0DC983E9-832E-4EF6-80C2-5C15F5C076B3}.Debug|Any CPU.ActiveCfg = Debug|Any CPU
		{0DC983E9-832E-4EF6-80C2-5C15F5C076B3}.Debug|Any CPU.Build.0 = Debug|Any CPU
		{0DC983E9-832E-4EF6-80C2-5C15F5C076B3}.Release|Any CPU.ActiveCfg = Release|Any CPU
		{0DC983E9-832E-4EF6-80C2-5C15F5C076B3}.Release|Any CPU.Build.0 = Release|Any CPU
		{AB1D2774-0AED-4EC8-BACD-6EE4F3091FC1}.Debug|Any CPU.ActiveCfg = Debug|Any CPU
		{AB1D2774-0AED-4EC8-BACD-6EE4F3091FC1}.Debug|Any CPU.Build.0 = Debug|Any CPU
		{AB1D2774-0AED-4EC8-BACD-6EE4F3091FC1}.Release|Any CPU.ActiveCfg = Release|Any CPU
		{AB1D2774-0AED-4EC8-BACD-6EE4F3091FC1}.Release|Any CPU.Build.0 = Release|Any CPU
		{FEB7BC4B-D378-4053-8F7B-34D4F9EDAC0A}.Debug|Any CPU.ActiveCfg = Debug|Any CPU
		{FEB7BC4B-D378-4053-8F7B-34D4F9EDAC0A}.Debug|Any CPU.Build.0 = Debug|Any CPU
		{FEB7BC4B-D378-4053-8F7B-34D4F9EDAC0A}.Release|Any CPU.ActiveCfg = Release|Any CPU
		{FEB7BC4B-D378-4053-8F7B-34D4F9EDAC0A}.Release|Any CPU.Build.0 = Release|Any CPU
		{64D4E4D7-7C5C-4F4A-888F-E440B07315E0}.Debug|Any CPU.ActiveCfg = Debug|Any CPU
		{64D4E4D7-7C5C-4F4A-888F-E440B07315E0}.Debug|Any CPU.Build.0 = Debug|Any CPU
		{64D4E4D7-7C5C-4F4A-888F-E440B07315E0}.Release|Any CPU.ActiveCfg = Release|Any CPU
		{64D4E4D7-7C5C-4F4A-888F-E440B07315E0}.Release|Any CPU.Build.0 = Release|Any CPU
		{5B310A8F-BE88-4C90-8A2A-4C78032A1116}.Debug|Any CPU.ActiveCfg = Debug|Any CPU
		{5B310A8F-BE88-4C90-8A2A-4C78032A1116}.Debug|Any CPU.Build.0 = Debug|Any CPU
		{5B310A8F-BE88-4C90-8A2A-4C78032A1116}.Release|Any CPU.ActiveCfg = Release|Any CPU
		{5B310A8F-BE88-4C90-8A2A-4C78032A1116}.Release|Any CPU.Build.0 = Release|Any CPU
		{B65087A0-9920-497C-9B98-66ABC44C7374}.Debug|Any CPU.ActiveCfg = Debug|Any CPU
		{B65087A0-9920-497C-9B98-66ABC44C7374}.Debug|Any CPU.Build.0 = Debug|Any CPU
		{B65087A0-9920-497C-9B98-66ABC44C7374}.Release|Any CPU.ActiveCfg = Release|Any CPU
		{B65087A0-9920-497C-9B98-66ABC44C7374}.Release|Any CPU.Build.0 = Release|Any CPU
		{F57574BA-4347-4FB6-AC05-9F19F73F9183}.Debug|Any CPU.ActiveCfg = Debug|Any CPU
		{F57574BA-4347-4FB6-AC05-9F19F73F9183}.Debug|Any CPU.Build.0 = Debug|Any CPU
		{F57574BA-4347-4FB6-AC05-9F19F73F9183}.Release|Any CPU.ActiveCfg = Release|Any CPU
		{F57574BA-4347-4FB6-AC05-9F19F73F9183}.Release|Any CPU.Build.0 = Release|Any CPU
		{43ED113F-9481-44C2-A7B1-D002D4296DB2}.Debug|Any CPU.ActiveCfg = Debug|Any CPU
		{43ED113F-9481-44C2-A7B1-D002D4296DB2}.Debug|Any CPU.Build.0 = Debug|Any CPU
		{43ED113F-9481-44C2-A7B1-D002D4296DB2}.Release|Any CPU.ActiveCfg = Release|Any CPU
		{43ED113F-9481-44C2-A7B1-D002D4296DB2}.Release|Any CPU.Build.0 = Release|Any CPU
		{CFBFBC88-5B71-4923-8921-95C07B28A31C}.Debug|Any CPU.ActiveCfg = Debug|Any CPU
		{CFBFBC88-5B71-4923-8921-95C07B28A31C}.Debug|Any CPU.Build.0 = Debug|Any CPU
		{CFBFBC88-5B71-4923-8921-95C07B28A31C}.Release|Any CPU.ActiveCfg = Release|Any CPU
		{CFBFBC88-5B71-4923-8921-95C07B28A31C}.Release|Any CPU.Build.0 = Release|Any CPU
	EndGlobalSection
	GlobalSection(SolutionProperties) = preSolution
		HideSolutionNode = FALSE
	EndGlobalSection
EndGlobal
